
Microsoft Visual Studio Solution File, Format Version 12.00
Project("{FAE04EC0-301F-11D3-BF4B-00C04F79EFBC}") = "Ep4Console", "Ep4Console\Ep4Console.csproj", "{9B41E9E2-F077-4763-8E4E-EC31D8B5B1BD}"
EndProject
Project("{FAE04EC0-301F-11D3-BF4B-00C04F79EFBC}") = "OffloadApp", "OffloadApp\OffloadApp.csproj", "{E21CDD02-6C5B-4694-89EA-26B3B7FE4B0E}"
EndProject
Project("{FAE04EC0-301F-11D3-BF4B-00C04F79EFBC}") = "WebServerAssignmentQuestion", "WebServerAssignmentQuestion\WebServerAssignmentQuestion.csproj", "{53B9DE6D-B3A8-42B6-97B5-2418D504F167}"
EndProject
Global
	GlobalSection(SolutionConfigurationPlatforms) = preSolution
		Debug|Any CPU = Debug|Any CPU
		Release|Any CPU = Release|Any CPU
	EndGlobalSection
	GlobalSection(ProjectConfigurationPlatforms) = postSolution
		{9B41E9E2-F077-4763-8E4E-EC31D8B5B1BD}.Debug|Any CPU.ActiveCfg = Debug|Any CPU
		{9B41E9E2-F077-4763-8E4E-EC31D8B5B1BD}.Debug|Any CPU.Build.0 = Debug|Any CPU
		{9B41E9E2-F077-4763-8E4E-EC31D8B5B1BD}.Release|Any CPU.ActiveCfg = Release|Any CPU
		{9B41E9E2-F077-4763-8E4E-EC31D8B5B1BD}.Release|Any CPU.Build.0 = Release|Any CPU
		{E21CDD02-6C5B-4694-89EA-26B3B7FE4B0E}.Debug|Any CPU.ActiveCfg = Debug|Any CPU
		{E21CDD02-6C5B-4694-89EA-26B3B7FE4B0E}.Debug|Any CPU.Build.0 = Debug|Any CPU
		{E21CDD02-6C5B-4694-89EA-26B3B7FE4B0E}.Release|Any CPU.ActiveCfg = Release|Any CPU
		{E21CDD02-6C5B-4694-89EA-26B3B7FE4B0E}.Release|Any CPU.Build.0 = Release|Any CPU
		{53B9DE6D-B3A8-42B6-97B5-2418D504F167}.Debug|Any CPU.ActiveCfg = Debug|Any CPU
		{53B9DE6D-B3A8-42B6-97B5-2418D504F167}.Debug|Any CPU.Build.0 = Debug|Any CPU
		{53B9DE6D-B3A8-42B6-97B5-2418D504F167}.Release|Any CPU.ActiveCfg = Release|Any CPU
		{53B9DE6D-B3A8-42B6-97B5-2418D504F167}.Release|Any CPU.Build.0 = Release|Any CPU
	EndGlobalSection
EndGlobal
